
Microsoft Visual Studio Solution File, Format Version 12.00
Project("{FAE04EC0-301F-11D3-BF4B-00C04F79EFBC}") = "OopVsFpExperiment", "OopVsFpExperiment\OopVsFpExperiment.csproj", "{70F51447-5F3B-4026-8597-4A791C705863}"
EndProject
Project("{FAE04EC0-301F-11D3-BF4B-00C04F79EFBC}") = "NBody", "NBody\NBody.csproj", "{0A5B6B3A-9B51-44F1-8D35-15A58721CDEF}"
EndProject
Project("{2150E333-8FDC-42A3-9474-1A3956D46DE8}") = "SearchTrees", "SearchTrees", "{7436FE72-47B6-4292-B1EE-30678505A218}"
EndProject
Project("{FAE04EC0-301F-11D3-BF4B-00C04F79EFBC}") = "SearchTrees.Core", "SearchTrees.Core\SearchTrees.Core.csproj", "{750F2408-FF93-4B92-8C75-50561D562136}"
EndProject
Project("{FAE04EC0-301F-11D3-BF4B-00C04F79EFBC}") = "SearchTrees.Tests", "SearchTrees.Tests\SearchTrees.Tests.csproj", "{DF29876F-CC0F-40F1-9BA1-7BD368544CDB}"
EndProject
Project("{FAE04EC0-301F-11D3-BF4B-00C04F79EFBC}") = "SearchTrees.Benchmarks", "SearchTrees.Benchmarks\SearchTrees.Benchmarks.csproj", "{1E39D42E-8AA1-42D9-8493-783490F2102B}"
EndProject
Project("{FAE04EC0-301F-11D3-BF4B-00C04F79EFBC}") = "FiniteDifference.Core", "FiniteDifference.Core\FiniteDifference.Core.csproj", "{92C4A5EB-5401-4022-9FE3-9EDD75B14343}"
EndProject
Project("{FAE04EC0-301F-11D3-BF4B-00C04F79EFBC}") = "FiniteDifference.Tests", "FiniteDifference.Tests\FiniteDifference.Tests.csproj", "{3D5B81CC-4A06-4A95-96F3-5C87151E5A5F}"
EndProject
Project("{FAE04EC0-301F-11D3-BF4B-00C04F79EFBC}") = "FiniteDifference.Benchmarks", "FiniteDifference.Benchmarks\FiniteDifference.Benchmarks.csproj", "{1E3FC700-D4F7-4DEA-9AB1-341B4C04A7A2}"
EndProject
Global
	GlobalSection(SolutionConfigurationPlatforms) = preSolution
		Debug|Any CPU = Debug|Any CPU
		Debug|x64 = Debug|x64
		Debug|x86 = Debug|x86
		Release|Any CPU = Release|Any CPU
		Release|x64 = Release|x64
		Release|x86 = Release|x86
	EndGlobalSection
	GlobalSection(ProjectConfigurationPlatforms) = postSolution
		{70F51447-5F3B-4026-8597-4A791C705863}.Debug|Any CPU.ActiveCfg = Debug|Any CPU
		{70F51447-5F3B-4026-8597-4A791C705863}.Debug|Any CPU.Build.0 = Debug|Any CPU
		{70F51447-5F3B-4026-8597-4A791C705863}.Debug|x64.ActiveCfg = Debug|Any CPU
		{70F51447-5F3B-4026-8597-4A791C705863}.Debug|x64.Build.0 = Debug|Any CPU
		{70F51447-5F3B-4026-8597-4A791C705863}.Debug|x86.ActiveCfg = Debug|Any CPU
		{70F51447-5F3B-4026-8597-4A791C705863}.Debug|x86.Build.0 = Debug|Any CPU
		{70F51447-5F3B-4026-8597-4A791C705863}.Release|Any CPU.ActiveCfg = Release|Any CPU
		{70F51447-5F3B-4026-8597-4A791C705863}.Release|Any CPU.Build.0 = Release|Any CPU
		{70F51447-5F3B-4026-8597-4A791C705863}.Release|x64.ActiveCfg = Release|Any CPU
		{70F51447-5F3B-4026-8597-4A791C705863}.Release|x64.Build.0 = Release|Any CPU
		{70F51447-5F3B-4026-8597-4A791C705863}.Release|x86.ActiveCfg = Release|Any CPU
		{70F51447-5F3B-4026-8597-4A791C705863}.Release|x86.Build.0 = Release|Any CPU
		{0A5B6B3A-9B51-44F1-8D35-15A58721CDEF}.Debug|Any CPU.ActiveCfg = Debug|Any CPU
		{0A5B6B3A-9B51-44F1-8D35-15A58721CDEF}.Debug|Any CPU.Build.0 = Debug|Any CPU
		{0A5B6B3A-9B51-44F1-8D35-15A58721CDEF}.Debug|x64.ActiveCfg = Debug|Any CPU
		{0A5B6B3A-9B51-44F1-8D35-15A58721CDEF}.Debug|x64.Build.0 = Debug|Any CPU
		{0A5B6B3A-9B51-44F1-8D35-15A58721CDEF}.Debug|x86.ActiveCfg = Debug|Any CPU
		{0A5B6B3A-9B51-44F1-8D35-15A58721CDEF}.Debug|x86.Build.0 = Debug|Any CPU
		{0A5B6B3A-9B51-44F1-8D35-15A58721CDEF}.Release|Any CPU.ActiveCfg = Release|Any CPU
		{0A5B6B3A-9B51-44F1-8D35-15A58721CDEF}.Release|Any CPU.Build.0 = Release|Any CPU
		{0A5B6B3A-9B51-44F1-8D35-15A58721CDEF}.Release|x64.ActiveCfg = Release|Any CPU
		{0A5B6B3A-9B51-44F1-8D35-15A58721CDEF}.Release|x64.Build.0 = Release|Any CPU
		{0A5B6B3A-9B51-44F1-8D35-15A58721CDEF}.Release|x86.ActiveCfg = Release|Any CPU
		{0A5B6B3A-9B51-44F1-8D35-15A58721CDEF}.Release|x86.Build.0 = Release|Any CPU
		{750F2408-FF93-4B92-8C75-50561D562136}.Debug|Any CPU.ActiveCfg = Debug|Any CPU
		{750F2408-FF93-4B92-8C75-50561D562136}.Debug|Any CPU.Build.0 = Debug|Any CPU
		{750F2408-FF93-4B92-8C75-50561D562136}.Debug|x64.ActiveCfg = Debug|Any CPU
		{750F2408-FF93-4B92-8C75-50561D562136}.Debug|x64.Build.0 = Debug|Any CPU
		{750F2408-FF93-4B92-8C75-50561D562136}.Debug|x86.ActiveCfg = Debug|Any CPU
		{750F2408-FF93-4B92-8C75-50561D562136}.Debug|x86.Build.0 = Debug|Any CPU
		{750F2408-FF93-4B92-8C75-50561D562136}.Release|Any CPU.ActiveCfg = Release|Any CPU
		{750F2408-FF93-4B92-8C75-50561D562136}.Release|Any CPU.Build.0 = Release|Any CPU
		{750F2408-FF93-4B92-8C75-50561D562136}.Release|x64.ActiveCfg = Release|Any CPU
		{750F2408-FF93-4B92-8C75-50561D562136}.Release|x64.Build.0 = Release|Any CPU
		{750F2408-FF93-4B92-8C75-50561D562136}.Release|x86.ActiveCfg = Release|Any CPU
		{750F2408-FF93-4B92-8C75-50561D562136}.Release|x86.Build.0 = Release|Any CPU
		{DF29876F-CC0F-40F1-9BA1-7BD368544CDB}.Debug|Any CPU.ActiveCfg = Debug|Any CPU
		{DF29876F-CC0F-40F1-9BA1-7BD368544CDB}.Debug|Any CPU.Build.0 = Debug|Any CPU
		{DF29876F-CC0F-40F1-9BA1-7BD368544CDB}.Debug|x64.ActiveCfg = Debug|Any CPU
		{DF29876F-CC0F-40F1-9BA1-7BD368544CDB}.Debug|x64.Build.0 = Debug|Any CPU
		{DF29876F-CC0F-40F1-9BA1-7BD368544CDB}.Debug|x86.ActiveCfg = Debug|Any CPU
		{DF29876F-CC0F-40F1-9BA1-7BD368544CDB}.Debug|x86.Build.0 = Debug|Any CPU
		{DF29876F-CC0F-40F1-9BA1-7BD368544CDB}.Release|Any CPU.ActiveCfg = Release|Any CPU
		{DF29876F-CC0F-40F1-9BA1-7BD368544CDB}.Release|Any CPU.Build.0 = Release|Any CPU
		{DF29876F-CC0F-40F1-9BA1-7BD368544CDB}.Release|x64.ActiveCfg = Release|Any CPU
		{DF29876F-CC0F-40F1-9BA1-7BD368544CDB}.Release|x64.Build.0 = Release|Any CPU
		{DF29876F-CC0F-40F1-9BA1-7BD368544CDB}.Release|x86.ActiveCfg = Release|Any CPU
		{DF29876F-CC0F-40F1-9BA1-7BD368544CDB}.Release|x86.Build.0 = Release|Any CPU
		{1E39D42E-8AA1-42D9-8493-783490F2102B}.Debug|Any CPU.ActiveCfg = Debug|Any CPU
		{1E39D42E-8AA1-42D9-8493-783490F2102B}.Debug|Any CPU.Build.0 = Debug|Any CPU
		{1E39D42E-8AA1-42D9-8493-783490F2102B}.Debug|x64.ActiveCfg = Debug|Any CPU
		{1E39D42E-8AA1-42D9-8493-783490F2102B}.Debug|x64.Build.0 = Debug|Any CPU
		{1E39D42E-8AA1-42D9-8493-783490F2102B}.Debug|x86.ActiveCfg = Debug|Any CPU
		{1E39D42E-8AA1-42D9-8493-783490F2102B}.Debug|x86.Build.0 = Debug|Any CPU
		{1E39D42E-8AA1-42D9-8493-783490F2102B}.Release|Any CPU.ActiveCfg = Release|Any CPU
		{1E39D42E-8AA1-42D9-8493-783490F2102B}.Release|Any CPU.Build.0 = Release|Any CPU
		{1E39D42E-8AA1-42D9-8493-783490F2102B}.Release|x64.ActiveCfg = Release|Any CPU
		{1E39D42E-8AA1-42D9-8493-783490F2102B}.Release|x64.Build.0 = Release|Any CPU
		{1E39D42E-8AA1-42D9-8493-783490F2102B}.Release|x86.ActiveCfg = Release|Any CPU
		{1E39D42E-8AA1-42D9-8493-783490F2102B}.Release|x86.Build.0 = Release|Any CPU
		{92C4A5EB-5401-4022-9FE3-9EDD75B14343}.Debug|Any CPU.ActiveCfg = Debug|Any CPU
		{92C4A5EB-5401-4022-9FE3-9EDD75B14343}.Debug|Any CPU.Build.0 = Debug|Any CPU
		{92C4A5EB-5401-4022-9FE3-9EDD75B14343}.Debug|x64.ActiveCfg = Debug|Any CPU
		{92C4A5EB-5401-4022-9FE3-9EDD75B14343}.Debug|x64.Build.0 = Debug|Any CPU
		{92C4A5EB-5401-4022-9FE3-9EDD75B14343}.Debug|x86.ActiveCfg = Debug|Any CPU
		{92C4A5EB-5401-4022-9FE3-9EDD75B14343}.Debug|x86.Build.0 = Debug|Any CPU
		{92C4A5EB-5401-4022-9FE3-9EDD75B14343}.Release|Any CPU.ActiveCfg = Release|Any CPU
		{92C4A5EB-5401-4022-9FE3-9EDD75B14343}.Release|Any CPU.Build.0 = Release|Any CPU
		{92C4A5EB-5401-4022-9FE3-9EDD75B14343}.Release|x64.ActiveCfg = Release|Any CPU
		{92C4A5EB-5401-4022-9FE3-9EDD75B14343}.Release|x64.Build.0 = Release|Any CPU
		{92C4A5EB-5401-4022-9FE3-9EDD75B14343}.Release|x86.ActiveCfg = Release|Any CPU
		{92C4A5EB-5401-4022-9FE3-9EDD75B14343}.Release|x86.Build.0 = Release|Any CPU
		{3D5B81CC-4A06-4A95-96F3-5C87151E5A5F}.Debug|Any CPU.ActiveCfg = Debug|Any CPU
		{3D5B81CC-4A06-4A95-96F3-5C87151E5A5F}.Debug|Any CPU.Build.0 = Debug|Any CPU
		{3D5B81CC-4A06-4A95-96F3-5C87151E5A5F}.Debug|x64.ActiveCfg = Debug|Any CPU
		{3D5B81CC-4A06-4A95-96F3-5C87151E5A5F}.Debug|x64.Build.0 = Debug|Any CPU
		{3D5B81CC-4A06-4A95-96F3-5C87151E5A5F}.Debug|x86.ActiveCfg = Debug|Any CPU
		{3D5B81CC-4A06-4A95-96F3-5C87151E5A5F}.Debug|x86.Build.0 = Debug|Any CPU
		{3D5B81CC-4A06-4A95-96F3-5C87151E5A5F}.Release|Any CPU.ActiveCfg = Release|Any CPU
		{3D5B81CC-4A06-4A95-96F3-5C87151E5A5F}.Release|Any CPU.Build.0 = Release|Any CPU
		{3D5B81CC-4A06-4A95-96F3-5C87151E5A5F}.Release|x64.ActiveCfg = Release|Any CPU
		{3D5B81CC-4A06-4A95-96F3-5C87151E5A5F}.Release|x64.Build.0 = Release|Any CPU
		{3D5B81CC-4A06-4A95-96F3-5C87151E5A5F}.Release|x86.ActiveCfg = Release|Any CPU
		{3D5B81CC-4A06-4A95-96F3-5C87151E5A5F}.Release|x86.Build.0 = Release|Any CPU
		{1E3FC700-D4F7-4DEA-9AB1-341B4C04A7A2}.Debug|Any CPU.ActiveCfg = Debug|Any CPU
		{1E3FC700-D4F7-4DEA-9AB1-341B4C04A7A2}.Debug|Any CPU.Build.0 = Debug|Any CPU
		{1E3FC700-D4F7-4DEA-9AB1-341B4C04A7A2}.Debug|x64.ActiveCfg = Debug|Any CPU
		{1E3FC700-D4F7-4DEA-9AB1-341B4C04A7A2}.Debug|x64.Build.0 = Debug|Any CPU
		{1E3FC700-D4F7-4DEA-9AB1-341B4C04A7A2}.Debug|x86.ActiveCfg = Debug|Any CPU
		{1E3FC700-D4F7-4DEA-9AB1-341B4C04A7A2}.Debug|x86.Build.0 = Debug|Any CPU
		{1E3FC700-D4F7-4DEA-9AB1-341B4C04A7A2}.Release|Any CPU.ActiveCfg = Release|Any CPU
		{1E3FC700-D4F7-4DEA-9AB1-341B4C04A7A2}.Release|Any CPU.Build.0 = Release|Any CPU
		{1E3FC700-D4F7-4DEA-9AB1-341B4C04A7A2}.Release|x64.ActiveCfg = Release|Any CPU
		{1E3FC700-D4F7-4DEA-9AB1-341B4C04A7A2}.Release|x64.Build.0 = Release|Any CPU
		{1E3FC700-D4F7-4DEA-9AB1-341B4C04A7A2}.Release|x86.ActiveCfg = Release|Any CPU
		{1E3FC700-D4F7-4DEA-9AB1-341B4C04A7A2}.Release|x86.Build.0 = Release|Any CPU
	EndGlobalSection
	GlobalSection(SolutionProperties) = preSolution
		HideSolutionNode = FALSE
	EndGlobalSection
	GlobalSection(NestedProjects) = preSolution
		{750F2408-FF93-4B92-8C75-50561D562136} = {7436FE72-47B6-4292-B1EE-30678505A218}
		{DF29876F-CC0F-40F1-9BA1-7BD368544CDB} = {7436FE72-47B6-4292-B1EE-30678505A218}
		{1E39D42E-8AA1-42D9-8493-783490F2102B} = {7436FE72-47B6-4292-B1EE-30678505A218}
	EndGlobalSection
EndGlobal
