
Microsoft Visual Studio Solution File, Format Version 12.00
Project("{FAE04EC0-301F-11D3-BF4B-00C04F79EFBC}") = "OopVsFpExperiment", "OopVsFpExperiment\OopVsFpExperiment.csproj", "{70F51447-5F3B-4026-8597-4A791C705863}"
EndProject
Project("{FAE04EC0-301F-11D3-BF4B-00C04F79EFBC}") = "NBody", "NBody\NBody.csproj", "{0A5B6B3A-9B51-44F1-8D35-15A58721CDEF}"
EndProject
Project("{2150E333-8FDC-42A3-9474-1A3956D46DE8}") = "Hpc.Lsqr", "Hpc.Lsqr", "{F8306B59-458D-4EEE-A0A2-FEEA6D7F01B3}"
EndProject
Project("{FAE04EC0-301F-11D3-BF4B-00C04F79EFBC}") = "Hpc.Lsqr.Core", "Hpc.Lsqr.Core\Hpc.Lsqr.Core.csproj", "{AF2DC6B1-8A81-4812-A882-785B9089F150}"
EndProject
Project("{FAE04EC0-301F-11D3-BF4B-00C04F79EFBC}") = "Hpc.Lsqr.Tests", "Hpc.Lsqr.Tests\Hpc.Lsqr.Tests.csproj", "{6E0022E7-F5E1-438B-AD56-1B8684B83E42}"
EndProject
Project("{FAE04EC0-301F-11D3-BF4B-00C04F79EFBC}") = "Hpc.Lsqr.Benchmarks", "Hpc.Lsqr.Benchmarks\Hpc.Lsqr.Benchmarks.csproj", "{3D648C01-EF04-400C-9189-4755A7182A06}"
EndProject
Project("{2150E333-8FDC-42A3-9474-1A3956D46DE8}") = "SearchTrees", "SearchTrees", "{7436FE72-47B6-4292-B1EE-30678505A218}"
EndProject
Project("{FAE04EC0-301F-11D3-BF4B-00C04F79EFBC}") = "SearchTrees.Core", "SearchTrees.Core\SearchTrees.Core.csproj", "{750F2408-FF93-4B92-8C75-50561D562136}"
EndProject
Project("{FAE04EC0-301F-11D3-BF4B-00C04F79EFBC}") = "SearchTrees.Tests", "SearchTrees.Tests\SearchTrees.Tests.csproj", "{DF29876F-CC0F-40F1-9BA1-7BD368544CDB}"
EndProject
Project("{FAE04EC0-301F-11D3-BF4B-00C04F79EFBC}") = "SearchTrees.Benchmarks", "SearchTrees.Benchmarks\SearchTrees.Benchmarks.csproj", "{1E39D42E-8AA1-42D9-8493-783490F2102B}"
EndProject
Global
	GlobalSection(SolutionConfigurationPlatforms) = preSolution
		Debug|Any CPU = Debug|Any CPU
		Release|Any CPU = Release|Any CPU
	EndGlobalSection
	GlobalSection(ProjectConfigurationPlatforms) = postSolution
		{70F51447-5F3B-4026-8597-4A791C705863}.Debug|Any CPU.ActiveCfg = Debug|Any CPU
		{70F51447-5F3B-4026-8597-4A791C705863}.Debug|Any CPU.Build.0 = Debug|Any CPU
		{70F51447-5F3B-4026-8597-4A791C705863}.Release|Any CPU.ActiveCfg = Release|Any CPU
		{70F51447-5F3B-4026-8597-4A791C705863}.Release|Any CPU.Build.0 = Release|Any CPU
		{0A5B6B3A-9B51-44F1-8D35-15A58721CDEF}.Debug|Any CPU.ActiveCfg = Debug|Any CPU
		{0A5B6B3A-9B51-44F1-8D35-15A58721CDEF}.Debug|Any CPU.Build.0 = Debug|Any CPU
		{0A5B6B3A-9B51-44F1-8D35-15A58721CDEF}.Release|Any CPU.ActiveCfg = Release|Any CPU
		{0A5B6B3A-9B51-44F1-8D35-15A58721CDEF}.Release|Any CPU.Build.0 = Release|Any CPU
		{AF2DC6B1-8A81-4812-A882-785B9089F150}.Debug|Any CPU.ActiveCfg = Debug|Any CPU
		{AF2DC6B1-8A81-4812-A882-785B9089F150}.Debug|Any CPU.Build.0 = Debug|Any CPU
		{AF2DC6B1-8A81-4812-A882-785B9089F150}.Release|Any CPU.ActiveCfg = Release|Any CPU
		{AF2DC6B1-8A81-4812-A882-785B9089F150}.Release|Any CPU.Build.0 = Release|Any CPU
		{6E0022E7-F5E1-438B-AD56-1B8684B83E42}.Debug|Any CPU.ActiveCfg = Debug|Any CPU
		{6E0022E7-F5E1-438B-AD56-1B8684B83E42}.Debug|Any CPU.Build.0 = Debug|Any CPU
		{6E0022E7-F5E1-438B-AD56-1B8684B83E42}.Release|Any CPU.ActiveCfg = Release|Any CPU
		{6E0022E7-F5E1-438B-AD56-1B8684B83E42}.Release|Any CPU.Build.0 = Release|Any CPU
		{3D648C01-EF04-400C-9189-4755A7182A06}.Debug|Any CPU.ActiveCfg = Debug|Any CPU
		{3D648C01-EF04-400C-9189-4755A7182A06}.Debug|Any CPU.Build.0 = Debug|Any CPU
		{3D648C01-EF04-400C-9189-4755A7182A06}.Release|Any CPU.ActiveCfg = Release|Any CPU
		{3D648C01-EF04-400C-9189-4755A7182A06}.Release|Any CPU.Build.0 = Release|Any CPU
		{750F2408-FF93-4B92-8C75-50561D562136}.Debug|Any CPU.ActiveCfg = Debug|Any CPU
		{750F2408-FF93-4B92-8C75-50561D562136}.Debug|Any CPU.Build.0 = Debug|Any CPU
		{750F2408-FF93-4B92-8C75-50561D562136}.Release|Any CPU.ActiveCfg = Release|Any CPU
		{750F2408-FF93-4B92-8C75-50561D562136}.Release|Any CPU.Build.0 = Release|Any CPU
		{DF29876F-CC0F-40F1-9BA1-7BD368544CDB}.Debug|Any CPU.ActiveCfg = Debug|Any CPU
		{DF29876F-CC0F-40F1-9BA1-7BD368544CDB}.Debug|Any CPU.Build.0 = Debug|Any CPU
		{DF29876F-CC0F-40F1-9BA1-7BD368544CDB}.Release|Any CPU.ActiveCfg = Release|Any CPU
		{DF29876F-CC0F-40F1-9BA1-7BD368544CDB}.Release|Any CPU.Build.0 = Release|Any CPU
		{1E39D42E-8AA1-42D9-8493-783490F2102B}.Debug|Any CPU.ActiveCfg = Debug|Any CPU
		{1E39D42E-8AA1-42D9-8493-783490F2102B}.Debug|Any CPU.Build.0 = Debug|Any CPU
		{1E39D42E-8AA1-42D9-8493-783490F2102B}.Release|Any CPU.ActiveCfg = Release|Any CPU
		{1E39D42E-8AA1-42D9-8493-783490F2102B}.Release|Any CPU.Build.0 = Release|Any CPU
	EndGlobalSection
	GlobalSection(NestedProjects) = preSolution
		{AF2DC6B1-8A81-4812-A882-785B9089F150} = {F8306B59-458D-4EEE-A0A2-FEEA6D7F01B3}
		{6E0022E7-F5E1-438B-AD56-1B8684B83E42} = {F8306B59-458D-4EEE-A0A2-FEEA6D7F01B3}
		{3D648C01-EF04-400C-9189-4755A7182A06} = {F8306B59-458D-4EEE-A0A2-FEEA6D7F01B3}
		{750F2408-FF93-4B92-8C75-50561D562136} = {7436FE72-47B6-4292-B1EE-30678505A218}
		{DF29876F-CC0F-40F1-9BA1-7BD368544CDB} = {7436FE72-47B6-4292-B1EE-30678505A218}
		{1E39D42E-8AA1-42D9-8493-783490F2102B} = {7436FE72-47B6-4292-B1EE-30678505A218}
	EndGlobalSection
EndGlobal
